
Microsoft Visual Studio Solution File, Format Version 12.00
# Visual Studio Version 17
VisualStudioVersion = 17.7.34024.191
MinimumVisualStudioVersion = 10.0.40219.1
Project("{FAE04EC0-301F-11D3-BF4B-00C04F79EFBC}") = "Hazip", "Hazip\Hazip.csproj", "{6620B2A3-C868-424F-8C2A-1406E2BCD5EA}"
EndProject
Global
	GlobalSection(SolutionConfigurationPlatforms) = preSolution
		Debug|Any CPU = Debug|Any CPU
		Release|Any CPU = Release|Any CPU
	EndGlobalSection
	GlobalSection(ProjectConfigurationPlatforms) = postSolution
		{6620B2A3-C868-424F-8C2A-1406E2BCD5EA}.Debug|Any CPU.ActiveCfg = Debug|Any CPU
		{6620B2A3-C868-424F-8C2A-1406E2BCD5EA}.Debug|Any CPU.Build.0 = Debug|Any CPU
		{6620B2A3-C868-424F-8C2A-1406E2BCD5EA}.Release|Any CPU.ActiveCfg = Release|Any CPU
		{6620B2A3-C868-424F-8C2A-1406E2BCD5EA}.Release|Any CPU.Build.0 = Release|Any CPU
	EndGlobalSection
	GlobalSection(SolutionProperties) = preSolution
		HideSolutionNode = FALSE
	EndGlobalSection
	GlobalSection(ExtensibilityGlobals) = postSolution
		SolutionGuid = {01139DF0-DFB3-446D-9EA3-98595E60CF85}
	EndGlobalSection
EndGlobal
